
Microsoft Visual Studio Solution File, Format Version 12.00
# Visual Studio Version 17
VisualStudioVersion = 17.10.35013.160
MinimumVisualStudioVersion = 10.0.40219.1
Project("{FAE04EC0-301F-11D3-BF4B-00C04F79EFBC}") = "lab07CF", "lab07CF\lab07CF.csproj", "{1DAB7B9E-78B1-4682-AB49-EDF392D8FA1E}"
EndProject
Global
	GlobalSection(SolutionConfigurationPlatforms) = preSolution
		Debug|Any CPU = Debug|Any CPU
		Release|Any CPU = Release|Any CPU
	EndGlobalSection
	GlobalSection(ProjectConfigurationPlatforms) = postSolution
		{1DAB7B9E-78B1-4682-AB49-EDF392D8FA1E}.Debug|Any CPU.ActiveCfg = Debug|Any CPU
		{1DAB7B9E-78B1-4682-AB49-EDF392D8FA1E}.Debug|Any CPU.Build.0 = Debug|Any CPU
		{1DAB7B9E-78B1-4682-AB49-EDF392D8FA1E}.Release|Any CPU.ActiveCfg = Release|Any CPU
		{1DAB7B9E-78B1-4682-AB49-EDF392D8FA1E}.Release|Any CPU.Build.0 = Release|Any CPU
	EndGlobalSection
	GlobalSection(SolutionProperties) = preSolution
		HideSolutionNode = FALSE
	EndGlobalSection
	GlobalSection(ExtensibilityGlobals) = postSolution
		SolutionGuid = {76E3C7DA-3761-4715-A4DD-15283D1167DC}
	EndGlobalSection
EndGlobal
